
Microsoft Visual Studio Solution File, Format Version 12.00
# Visual Studio Version 17
VisualStudioVersion = 17.7.34221.43
MinimumVisualStudioVersion = 10.0.40219.1
Project("{FAE04EC0-301F-11D3-BF4B-00C04F79EFBC}") = "SampleProgram", "SampleProgram\SampleProgram.csproj", "{AD059B2E-87D8-44F0-8923-1D4AAC52430B}"
EndProject
Global
	GlobalSection(SolutionConfigurationPlatforms) = preSolution
		Debug|Any CPU = Debug|Any CPU
		Release|Any CPU = Release|Any CPU
	EndGlobalSection
	GlobalSection(ProjectConfigurationPlatforms) = postSolution
		{AD059B2E-87D8-44F0-8923-1D4AAC52430B}.Debug|Any CPU.ActiveCfg = Debug|Any CPU
		{AD059B2E-87D8-44F0-8923-1D4AAC52430B}.Debug|Any CPU.Build.0 = Debug|Any CPU
		{AD059B2E-87D8-44F0-8923-1D4AAC52430B}.Release|Any CPU.ActiveCfg = Release|Any CPU
		{AD059B2E-87D8-44F0-8923-1D4AAC52430B}.Release|Any CPU.Build.0 = Release|Any CPU
	EndGlobalSection
	GlobalSection(SolutionProperties) = preSolution
		HideSolutionNode = FALSE
	EndGlobalSection
	GlobalSection(ExtensibilityGlobals) = postSolution
		SolutionGuid = {ED0FFB2C-6229-4E07-BA46-C4557D4D48C6}
	EndGlobalSection
EndGlobal
